
Microsoft Visual Studio Solution File, Format Version 12.00
# Visual Studio Version 16
VisualStudioVersion = 16.0.30114.105
MinimumVisualStudioVersion = 10.0.40219.1
Project("{9A19103F-16F7-4668-BE54-9A1E7A4F7556}") = "ESourcing.Products", "ESourcing.Products\ESourcing.Products.csproj", "{3D674010-9C44-443C-B14A-4119DE2DED54}"
EndProject
Project("{2150E333-8FDC-42A3-9474-1A3956D46DE8}") = "Product", "Product", "{20188C09-ECC4-4ADA-B75D-E21D43BC2AB1}"
EndProject
Project("{2150E333-8FDC-42A3-9474-1A3956D46DE8}") = "src", "src", "{C71D8A4A-CAC6-464E-A4B8-EFE65649975D}"
EndProject
Project("{2150E333-8FDC-42A3-9474-1A3956D46DE8}") = "ApiGateway", "ApiGateway", "{BC3DAB86-B24B-4785-A71E-27B40B84222A}"
EndProject
Project("{2150E333-8FDC-42A3-9474-1A3956D46DE8}") = "Services", "Services", "{60EA3D79-B0B8-42BC-8AE9-E71777BD113D}"
EndProject
Project("{2150E333-8FDC-42A3-9474-1A3956D46DE8}") = "WebApp", "WebApp", "{0064D160-D736-43CD-AEB8-103C0F6B6256}"
EndProject
Project("{2150E333-8FDC-42A3-9474-1A3956D46DE8}") = "Common", "Common", "{CF178BF4-E526-4B2F-853D-200E7B565B04}"
EndProject
Project("{2150E333-8FDC-42A3-9474-1A3956D46DE8}") = "Order", "Order", "{D58D22D8-A507-4B48-985F-C06B83A54123}"
EndProject
Project("{2150E333-8FDC-42A3-9474-1A3956D46DE8}") = "Sourcing", "Sourcing", "{FA59FD06-F6F6-4B6F-B904-F3C21944322C}"
EndProject
Project("{9A19103F-16F7-4668-BE54-9A1E7A4F7556}") = "ESourcing.Sourcing", "ESourcing.Sourcing\ESourcing.Sourcing.csproj", "{7AA7ABCB-AC2B-4CAF-8516-F313781DB650}"
EndProject
Project("{E53339B2-1760-4266-BCC7-CA923CBCF16C}") = "docker-compose", "docker-compose.dcproj", "{42DF3F6D-7BB9-43E3-AEAE-90862AE0D24A}"
EndProject
Project("{9A19103F-16F7-4668-BE54-9A1E7A4F7556}") = "EventBusRabbitMQ", "EventBusRabbitMQ\EventBusRabbitMQ.csproj", "{C970E4D9-58EC-4DA7-8F11-C040AC709079}"
EndProject
Project("{9A19103F-16F7-4668-BE54-9A1E7A4F7556}") = "ESourcing.Order", "ESourcing.Order\ESourcing.Order.csproj", "{16895371-2AB3-4816-A84C-4EC5C01BA509}"
EndProject
Project("{9A19103F-16F7-4668-BE54-9A1E7A4F7556}") = "Ordering.Domain", "Ordering.Domain\Ordering.Domain.csproj", "{29F9D1A3-D2A9-4443-B47C-650D176CED80}"
EndProject
Project("{9A19103F-16F7-4668-BE54-9A1E7A4F7556}") = "Ordering.Application", "Ordering.Application\Ordering.Application.csproj", "{3FC6ED97-9B71-4BA8-AA37-FE65614720BD}"
EndProject
Project("{9A19103F-16F7-4668-BE54-9A1E7A4F7556}") = "Ordering.Infrastructure", "Ordering.Infrastructure\Ordering.Infrastructure.csproj", "{0834C604-71C3-4999-94FB-17D826610E2A}"
EndProject
Project("{FAE04EC0-301F-11D3-BF4B-00C04F79EFBC}") = "ESourcing.APIGateway", "ESourcing.APIGateway\ESourcing.APIGateway.csproj", "{29959ECA-A06D-4865-B38F-78BF4224C0B5}"
EndProject
Project("{FAE04EC0-301F-11D3-BF4B-00C04F79EFBC}") = "ESourcing.UI", "ESourcing.UI\ESourcing.UI.csproj", "{4BC58D3E-15DB-4F00-959C-7870B1AFA909}"
EndProject
Project("{FAE04EC0-301F-11D3-BF4B-00C04F79EFBC}") = "ESourcing.Core", "ESourcing.Core\ESourcing.Core.csproj", "{F8D9EE3B-3166-46D5-B02F-3CF246192874}"
EndProject
Project("{FAE04EC0-301F-11D3-BF4B-00C04F79EFBC}") = "ESourcing.Infrastructure", "ESourcing.Infrastructure\ESourcing.Infrastructure.csproj", "{2E51F608-5EC5-4749-B01D-71F4C09236B2}"
EndProject
Global
	GlobalSection(SolutionConfigurationPlatforms) = preSolution
		Debug|Any CPU = Debug|Any CPU
		Debug|x64 = Debug|x64
		Debug|x86 = Debug|x86
		Release|Any CPU = Release|Any CPU
		Release|x64 = Release|x64
		Release|x86 = Release|x86
	EndGlobalSection
	GlobalSection(ProjectConfigurationPlatforms) = postSolution
		{3D674010-9C44-443C-B14A-4119DE2DED54}.Debug|Any CPU.ActiveCfg = Debug|Any CPU
		{3D674010-9C44-443C-B14A-4119DE2DED54}.Debug|Any CPU.Build.0 = Debug|Any CPU
		{3D674010-9C44-443C-B14A-4119DE2DED54}.Debug|x64.ActiveCfg = Debug|Any CPU
		{3D674010-9C44-443C-B14A-4119DE2DED54}.Debug|x64.Build.0 = Debug|Any CPU
		{3D674010-9C44-443C-B14A-4119DE2DED54}.Debug|x86.ActiveCfg = Debug|Any CPU
		{3D674010-9C44-443C-B14A-4119DE2DED54}.Debug|x86.Build.0 = Debug|Any CPU
		{3D674010-9C44-443C-B14A-4119DE2DED54}.Release|Any CPU.ActiveCfg = Release|Any CPU
		{3D674010-9C44-443C-B14A-4119DE2DED54}.Release|Any CPU.Build.0 = Release|Any CPU
		{3D674010-9C44-443C-B14A-4119DE2DED54}.Release|x64.ActiveCfg = Release|Any CPU
		{3D674010-9C44-443C-B14A-4119DE2DED54}.Release|x64.Build.0 = Release|Any CPU
		{3D674010-9C44-443C-B14A-4119DE2DED54}.Release|x86.ActiveCfg = Release|Any CPU
		{3D674010-9C44-443C-B14A-4119DE2DED54}.Release|x86.Build.0 = Release|Any CPU
		{7AA7ABCB-AC2B-4CAF-8516-F313781DB650}.Debug|Any CPU.ActiveCfg = Debug|Any CPU
		{7AA7ABCB-AC2B-4CAF-8516-F313781DB650}.Debug|Any CPU.Build.0 = Debug|Any CPU
		{7AA7ABCB-AC2B-4CAF-8516-F313781DB650}.Debug|x64.ActiveCfg = Debug|Any CPU
		{7AA7ABCB-AC2B-4CAF-8516-F313781DB650}.Debug|x64.Build.0 = Debug|Any CPU
		{7AA7ABCB-AC2B-4CAF-8516-F313781DB650}.Debug|x86.ActiveCfg = Debug|Any CPU
		{7AA7ABCB-AC2B-4CAF-8516-F313781DB650}.Debug|x86.Build.0 = Debug|Any CPU
		{7AA7ABCB-AC2B-4CAF-8516-F313781DB650}.Release|Any CPU.ActiveCfg = Release|Any CPU
		{7AA7ABCB-AC2B-4CAF-8516-F313781DB650}.Release|Any CPU.Build.0 = Release|Any CPU
		{7AA7ABCB-AC2B-4CAF-8516-F313781DB650}.Release|x64.ActiveCfg = Release|Any CPU
		{7AA7ABCB-AC2B-4CAF-8516-F313781DB650}.Release|x64.Build.0 = Release|Any CPU
		{7AA7ABCB-AC2B-4CAF-8516-F313781DB650}.Release|x86.ActiveCfg = Release|Any CPU
		{7AA7ABCB-AC2B-4CAF-8516-F313781DB650}.Release|x86.Build.0 = Release|Any CPU
		{42DF3F6D-7BB9-43E3-AEAE-90862AE0D24A}.Debug|Any CPU.ActiveCfg = Debug|Any CPU
		{42DF3F6D-7BB9-43E3-AEAE-90862AE0D24A}.Debug|Any CPU.Build.0 = Debug|Any CPU
		{42DF3F6D-7BB9-43E3-AEAE-90862AE0D24A}.Debug|x64.ActiveCfg = Debug|Any CPU
		{42DF3F6D-7BB9-43E3-AEAE-90862AE0D24A}.Debug|x64.Build.0 = Debug|Any CPU
		{42DF3F6D-7BB9-43E3-AEAE-90862AE0D24A}.Debug|x86.ActiveCfg = Debug|Any CPU
		{42DF3F6D-7BB9-43E3-AEAE-90862AE0D24A}.Debug|x86.Build.0 = Debug|Any CPU
		{42DF3F6D-7BB9-43E3-AEAE-90862AE0D24A}.Release|Any CPU.ActiveCfg = Release|Any CPU
		{42DF3F6D-7BB9-43E3-AEAE-90862AE0D24A}.Release|Any CPU.Build.0 = Release|Any CPU
		{42DF3F6D-7BB9-43E3-AEAE-90862AE0D24A}.Release|x64.ActiveCfg = Release|Any CPU
		{42DF3F6D-7BB9-43E3-AEAE-90862AE0D24A}.Release|x64.Build.0 = Release|Any CPU
		{42DF3F6D-7BB9-43E3-AEAE-90862AE0D24A}.Release|x86.ActiveCfg = Release|Any CPU
		{42DF3F6D-7BB9-43E3-AEAE-90862AE0D24A}.Release|x86.Build.0 = Release|Any CPU
		{C970E4D9-58EC-4DA7-8F11-C040AC709079}.Debug|Any CPU.ActiveCfg = Debug|Any CPU
		{C970E4D9-58EC-4DA7-8F11-C040AC709079}.Debug|Any CPU.Build.0 = Debug|Any CPU
		{C970E4D9-58EC-4DA7-8F11-C040AC709079}.Debug|x64.ActiveCfg = Debug|Any CPU
		{C970E4D9-58EC-4DA7-8F11-C040AC709079}.Debug|x64.Build.0 = Debug|Any CPU
		{C970E4D9-58EC-4DA7-8F11-C040AC709079}.Debug|x86.ActiveCfg = Debug|Any CPU
		{C970E4D9-58EC-4DA7-8F11-C040AC709079}.Debug|x86.Build.0 = Debug|Any CPU
		{C970E4D9-58EC-4DA7-8F11-C040AC709079}.Release|Any CPU.ActiveCfg = Release|Any CPU
		{C970E4D9-58EC-4DA7-8F11-C040AC709079}.Release|Any CPU.Build.0 = Release|Any CPU
		{C970E4D9-58EC-4DA7-8F11-C040AC709079}.Release|x64.ActiveCfg = Release|Any CPU
		{C970E4D9-58EC-4DA7-8F11-C040AC709079}.Release|x64.Build.0 = Release|Any CPU
		{C970E4D9-58EC-4DA7-8F11-C040AC709079}.Release|x86.ActiveCfg = Release|Any CPU
		{C970E4D9-58EC-4DA7-8F11-C040AC709079}.Release|x86.Build.0 = Release|Any CPU
		{16895371-2AB3-4816-A84C-4EC5C01BA509}.Debug|Any CPU.ActiveCfg = Debug|Any CPU
		{16895371-2AB3-4816-A84C-4EC5C01BA509}.Debug|Any CPU.Build.0 = Debug|Any CPU
		{16895371-2AB3-4816-A84C-4EC5C01BA509}.Debug|x64.ActiveCfg = Debug|Any CPU
		{16895371-2AB3-4816-A84C-4EC5C01BA509}.Debug|x64.Build.0 = Debug|Any CPU
		{16895371-2AB3-4816-A84C-4EC5C01BA509}.Debug|x86.ActiveCfg = Debug|Any CPU
		{16895371-2AB3-4816-A84C-4EC5C01BA509}.Debug|x86.Build.0 = Debug|Any CPU
		{16895371-2AB3-4816-A84C-4EC5C01BA509}.Release|Any CPU.ActiveCfg = Release|Any CPU
		{16895371-2AB3-4816-A84C-4EC5C01BA509}.Release|Any CPU.Build.0 = Release|Any CPU
		{16895371-2AB3-4816-A84C-4EC5C01BA509}.Release|x64.ActiveCfg = Release|Any CPU
		{16895371-2AB3-4816-A84C-4EC5C01BA509}.Release|x64.Build.0 = Release|Any CPU
		{16895371-2AB3-4816-A84C-4EC5C01BA509}.Release|x86.ActiveCfg = Release|Any CPU
		{16895371-2AB3-4816-A84C-4EC5C01BA509}.Release|x86.Build.0 = Release|Any CPU
		{29F9D1A3-D2A9-4443-B47C-650D176CED80}.Debug|Any CPU.ActiveCfg = Debug|Any CPU
		{29F9D1A3-D2A9-4443-B47C-650D176CED80}.Debug|Any CPU.Build.0 = Debug|Any CPU
		{29F9D1A3-D2A9-4443-B47C-650D176CED80}.Debug|x64.ActiveCfg = Debug|Any CPU
		{29F9D1A3-D2A9-4443-B47C-650D176CED80}.Debug|x64.Build.0 = Debug|Any CPU
		{29F9D1A3-D2A9-4443-B47C-650D176CED80}.Debug|x86.ActiveCfg = Debug|Any CPU
		{29F9D1A3-D2A9-4443-B47C-650D176CED80}.Debug|x86.Build.0 = Debug|Any CPU
		{29F9D1A3-D2A9-4443-B47C-650D176CED80}.Release|Any CPU.ActiveCfg = Release|Any CPU
		{29F9D1A3-D2A9-4443-B47C-650D176CED80}.Release|Any CPU.Build.0 = Release|Any CPU
		{29F9D1A3-D2A9-4443-B47C-650D176CED80}.Release|x64.ActiveCfg = Release|Any CPU
		{29F9D1A3-D2A9-4443-B47C-650D176CED80}.Release|x64.Build.0 = Release|Any CPU
		{29F9D1A3-D2A9-4443-B47C-650D176CED80}.Release|x86.ActiveCfg = Release|Any CPU
		{29F9D1A3-D2A9-4443-B47C-650D176CED80}.Release|x86.Build.0 = Release|Any CPU
		{3FC6ED97-9B71-4BA8-AA37-FE65614720BD}.Debug|Any CPU.ActiveCfg = Debug|Any CPU
		{3FC6ED97-9B71-4BA8-AA37-FE65614720BD}.Debug|Any CPU.Build.0 = Debug|Any CPU
		{3FC6ED97-9B71-4BA8-AA37-FE65614720BD}.Debug|x64.ActiveCfg = Debug|Any CPU
		{3FC6ED97-9B71-4BA8-AA37-FE65614720BD}.Debug|x64.Build.0 = Debug|Any CPU
		{3FC6ED97-9B71-4BA8-AA37-FE65614720BD}.Debug|x86.ActiveCfg = Debug|Any CPU
		{3FC6ED97-9B71-4BA8-AA37-FE65614720BD}.Debug|x86.Build.0 = Debug|Any CPU
		{3FC6ED97-9B71-4BA8-AA37-FE65614720BD}.Release|Any CPU.ActiveCfg = Release|Any CPU
		{3FC6ED97-9B71-4BA8-AA37-FE65614720BD}.Release|Any CPU.Build.0 = Release|Any CPU
		{3FC6ED97-9B71-4BA8-AA37-FE65614720BD}.Release|x64.ActiveCfg = Release|Any CPU
		{3FC6ED97-9B71-4BA8-AA37-FE65614720BD}.Release|x64.Build.0 = Release|Any CPU
		{3FC6ED97-9B71-4BA8-AA37-FE65614720BD}.Release|x86.ActiveCfg = Release|Any CPU
		{3FC6ED97-9B71-4BA8-AA37-FE65614720BD}.Release|x86.Build.0 = Release|Any CPU
		{0834C604-71C3-4999-94FB-17D826610E2A}.Debug|Any CPU.ActiveCfg = Debug|Any CPU
		{0834C604-71C3-4999-94FB-17D826610E2A}.Debug|Any CPU.Build.0 = Debug|Any CPU
		{0834C604-71C3-4999-94FB-17D826610E2A}.Debug|x64.ActiveCfg = Debug|Any CPU
		{0834C604-71C3-4999-94FB-17D826610E2A}.Debug|x64.Build.0 = Debug|Any CPU
		{0834C604-71C3-4999-94FB-17D826610E2A}.Debug|x86.ActiveCfg = Debug|Any CPU
		{0834C604-71C3-4999-94FB-17D826610E2A}.Debug|x86.Build.0 = Debug|Any CPU
		{0834C604-71C3-4999-94FB-17D826610E2A}.Release|Any CPU.ActiveCfg = Release|Any CPU
		{0834C604-71C3-4999-94FB-17D826610E2A}.Release|Any CPU.Build.0 = Release|Any CPU
		{0834C604-71C3-4999-94FB-17D826610E2A}.Release|x64.ActiveCfg = Release|Any CPU
		{0834C604-71C3-4999-94FB-17D826610E2A}.Release|x64.Build.0 = Release|Any CPU
		{0834C604-71C3-4999-94FB-17D826610E2A}.Release|x86.ActiveCfg = Release|Any CPU
		{0834C604-71C3-4999-94FB-17D826610E2A}.Release|x86.Build.0 = Release|Any CPU
		{29959ECA-A06D-4865-B38F-78BF4224C0B5}.Debug|Any CPU.ActiveCfg = Debug|Any CPU
		{29959ECA-A06D-4865-B38F-78BF4224C0B5}.Debug|Any CPU.Build.0 = Debug|Any CPU
		{29959ECA-A06D-4865-B38F-78BF4224C0B5}.Debug|x64.ActiveCfg = Debug|Any CPU
		{29959ECA-A06D-4865-B38F-78BF4224C0B5}.Debug|x64.Build.0 = Debug|Any CPU
		{29959ECA-A06D-4865-B38F-78BF4224C0B5}.Debug|x86.ActiveCfg = Debug|Any CPU
		{29959ECA-A06D-4865-B38F-78BF4224C0B5}.Debug|x86.Build.0 = Debug|Any CPU
		{29959ECA-A06D-4865-B38F-78BF4224C0B5}.Release|Any CPU.ActiveCfg = Release|Any CPU
		{29959ECA-A06D-4865-B38F-78BF4224C0B5}.Release|Any CPU.Build.0 = Release|Any CPU
		{29959ECA-A06D-4865-B38F-78BF4224C0B5}.Release|x64.ActiveCfg = Release|Any CPU
		{29959ECA-A06D-4865-B38F-78BF4224C0B5}.Release|x64.Build.0 = Release|Any CPU
		{29959ECA-A06D-4865-B38F-78BF4224C0B5}.Release|x86.ActiveCfg = Release|Any CPU
		{29959ECA-A06D-4865-B38F-78BF4224C0B5}.Release|x86.Build.0 = Release|Any CPU
		{4BC58D3E-15DB-4F00-959C-7870B1AFA909}.Debug|Any CPU.ActiveCfg = Debug|Any CPU
		{4BC58D3E-15DB-4F00-959C-7870B1AFA909}.Debug|Any CPU.Build.0 = Debug|Any CPU
		{4BC58D3E-15DB-4F00-959C-7870B1AFA909}.Debug|x64.ActiveCfg = Debug|Any CPU
		{4BC58D3E-15DB-4F00-959C-7870B1AFA909}.Debug|x64.Build.0 = Debug|Any CPU
		{4BC58D3E-15DB-4F00-959C-7870B1AFA909}.Debug|x86.ActiveCfg = Debug|Any CPU
		{4BC58D3E-15DB-4F00-959C-7870B1AFA909}.Debug|x86.Build.0 = Debug|Any CPU
		{4BC58D3E-15DB-4F00-959C-7870B1AFA909}.Release|Any CPU.ActiveCfg = Release|Any CPU
		{4BC58D3E-15DB-4F00-959C-7870B1AFA909}.Release|Any CPU.Build.0 = Release|Any CPU
		{4BC58D3E-15DB-4F00-959C-7870B1AFA909}.Release|x64.ActiveCfg = Release|Any CPU
		{4BC58D3E-15DB-4F00-959C-7870B1AFA909}.Release|x64.Build.0 = Release|Any CPU
		{4BC58D3E-15DB-4F00-959C-7870B1AFA909}.Release|x86.ActiveCfg = Release|Any CPU
		{4BC58D3E-15DB-4F00-959C-7870B1AFA909}.Release|x86.Build.0 = Release|Any CPU
		{F8D9EE3B-3166-46D5-B02F-3CF246192874}.Debug|Any CPU.ActiveCfg = Debug|Any CPU
		{F8D9EE3B-3166-46D5-B02F-3CF246192874}.Debug|Any CPU.Build.0 = Debug|Any CPU
		{F8D9EE3B-3166-46D5-B02F-3CF246192874}.Debug|x64.ActiveCfg = Debug|Any CPU
		{F8D9EE3B-3166-46D5-B02F-3CF246192874}.Debug|x64.Build.0 = Debug|Any CPU
		{F8D9EE3B-3166-46D5-B02F-3CF246192874}.Debug|x86.ActiveCfg = Debug|Any CPU
		{F8D9EE3B-3166-46D5-B02F-3CF246192874}.Debug|x86.Build.0 = Debug|Any CPU
		{F8D9EE3B-3166-46D5-B02F-3CF246192874}.Release|Any CPU.ActiveCfg = Release|Any CPU
		{F8D9EE3B-3166-46D5-B02F-3CF246192874}.Release|Any CPU.Build.0 = Release|Any CPU
		{F8D9EE3B-3166-46D5-B02F-3CF246192874}.Release|x64.ActiveCfg = Release|Any CPU
		{F8D9EE3B-3166-46D5-B02F-3CF246192874}.Release|x64.Build.0 = Release|Any CPU
		{F8D9EE3B-3166-46D5-B02F-3CF246192874}.Release|x86.ActiveCfg = Release|Any CPU
		{F8D9EE3B-3166-46D5-B02F-3CF246192874}.Release|x86.Build.0 = Release|Any CPU
		{2E51F608-5EC5-4749-B01D-71F4C09236B2}.Debug|Any CPU.ActiveCfg = Debug|Any CPU
		{2E51F608-5EC5-4749-B01D-71F4C09236B2}.Debug|Any CPU.Build.0 = Debug|Any CPU
		{2E51F608-5EC5-4749-B01D-71F4C09236B2}.Debug|x64.ActiveCfg = Debug|Any CPU
		{2E51F608-5EC5-4749-B01D-71F4C09236B2}.Debug|x64.Build.0 = Debug|Any CPU
		{2E51F608-5EC5-4749-B01D-71F4C09236B2}.Debug|x86.ActiveCfg = Debug|Any CPU
		{2E51F608-5EC5-4749-B01D-71F4C09236B2}.Debug|x86.Build.0 = Debug|Any CPU
		{2E51F608-5EC5-4749-B01D-71F4C09236B2}.Release|Any CPU.ActiveCfg = Release|Any CPU
		{2E51F608-5EC5-4749-B01D-71F4C09236B2}.Release|Any CPU.Build.0 = Release|Any CPU
		{2E51F608-5EC5-4749-B01D-71F4C09236B2}.Release|x64.ActiveCfg = Release|Any CPU
		{2E51F608-5EC5-4749-B01D-71F4C09236B2}.Release|x64.Build.0 = Release|Any CPU
		{2E51F608-5EC5-4749-B01D-71F4C09236B2}.Release|x86.ActiveCfg = Release|Any CPU
		{2E51F608-5EC5-4749-B01D-71F4C09236B2}.Release|x86.Build.0 = Release|Any CPU
	EndGlobalSection
	GlobalSection(SolutionProperties) = preSolution
		HideSolutionNode = FALSE
	EndGlobalSection
	GlobalSection(NestedProjects) = preSolution
		{3D674010-9C44-443C-B14A-4119DE2DED54} = {20188C09-ECC4-4ADA-B75D-E21D43BC2AB1}
		{20188C09-ECC4-4ADA-B75D-E21D43BC2AB1} = {60EA3D79-B0B8-42BC-8AE9-E71777BD113D}
		{BC3DAB86-B24B-4785-A71E-27B40B84222A} = {C71D8A4A-CAC6-464E-A4B8-EFE65649975D}
		{60EA3D79-B0B8-42BC-8AE9-E71777BD113D} = {C71D8A4A-CAC6-464E-A4B8-EFE65649975D}
		{0064D160-D736-43CD-AEB8-103C0F6B6256} = {C71D8A4A-CAC6-464E-A4B8-EFE65649975D}
		{CF178BF4-E526-4B2F-853D-200E7B565B04} = {60EA3D79-B0B8-42BC-8AE9-E71777BD113D}
		{D58D22D8-A507-4B48-985F-C06B83A54123} = {60EA3D79-B0B8-42BC-8AE9-E71777BD113D}
		{FA59FD06-F6F6-4B6F-B904-F3C21944322C} = {60EA3D79-B0B8-42BC-8AE9-E71777BD113D}
		{7AA7ABCB-AC2B-4CAF-8516-F313781DB650} = {FA59FD06-F6F6-4B6F-B904-F3C21944322C}
		{C970E4D9-58EC-4DA7-8F11-C040AC709079} = {CF178BF4-E526-4B2F-853D-200E7B565B04}
		{16895371-2AB3-4816-A84C-4EC5C01BA509} = {D58D22D8-A507-4B48-985F-C06B83A54123}
		{29F9D1A3-D2A9-4443-B47C-650D176CED80} = {D58D22D8-A507-4B48-985F-C06B83A54123}
		{3FC6ED97-9B71-4BA8-AA37-FE65614720BD} = {D58D22D8-A507-4B48-985F-C06B83A54123}
		{0834C604-71C3-4999-94FB-17D826610E2A} = {D58D22D8-A507-4B48-985F-C06B83A54123}
		{29959ECA-A06D-4865-B38F-78BF4224C0B5} = {BC3DAB86-B24B-4785-A71E-27B40B84222A}
		{4BC58D3E-15DB-4F00-959C-7870B1AFA909} = {0064D160-D736-43CD-AEB8-103C0F6B6256}
		{F8D9EE3B-3166-46D5-B02F-3CF246192874} = {0064D160-D736-43CD-AEB8-103C0F6B6256}
		{2E51F608-5EC5-4749-B01D-71F4C09236B2} = {0064D160-D736-43CD-AEB8-103C0F6B6256}
	EndGlobalSection
	GlobalSection(ExtensibilityGlobals) = postSolution
		SolutionGuid = {E0560E4D-502F-4146-9E88-6809E22C3B5B}
	EndGlobalSection
EndGlobal
